PODS:
  - Alamofire (5.4.1)
  - FBSDKCoreKit (9.2.0):
    - FBSDKCoreKit/Basics (= 9.2.0)
    - FBSDKCoreKit/Core (= 9.2.0)
  - FBSDKCoreKit/Basics (9.2.0)
  - FBSDKCoreKit/Core (9.2.0):
    - FBSDKCoreKit/Basics
  - FBSDKLoginKit (9.2.0):
    - FBSDKLoginKit/Login (= 9.2.0)
  - FBSDKLoginKit/Login (9.2.0):
    - FBSDKCoreKit (~> 9.2.0)
  - ObjectMapper (4.2.0)
  - Realm (10.7.2):
    - Realm/Headers (= 10.7.2)
  - Realm/Headers (10.7.2)
  - RealmSwift (10.7.2):
    - Realm (= 10.7.2)
  - SDWebImage (5.11.0):
    - SDWebImage/Core (= 5.11.0)
  - SDWebImage/Core (5.11.0)

DEPENDENCIES:
  - Alamofire (~> 5.2)
  - FBSDKLoginKit
  - ObjectMapper
  - RealmSwift
  - SDWebImage (~> 5.0)

SPEC REPOS:
  trunk:
    - Alamofire
    - FBSDKCoreKit
    - FBSDKLoginKit
    - ObjectMapper
    - Realm
    - RealmSwift
    - SDWebImage

SPEC CHECKSUMS:
  Alamofire: 2291f7d21ca607c491dd17642e5d40fdcda0e65c
  FBSDKCoreKit: dace5abafc2fd9272733e6d027bcf18102712117
  FBSDKLoginKit: 43f377b451d391f5bc9dd774f51a391db1072029
  ObjectMapper: 1eb41f610210777375fa806bf161dc39fb832b81
  Realm: e523da9ade306c5ae87e85dc09fdef148d3e1cc1
  RealmSwift: 4f6758c3adbdcc87f7b7777107226532a077f61c
  SDWebImage: 7acbb57630ac7db4a495547fb73916ff3e432f6b

PODFILE CHECKSUM: 1129cc471cd9c70bbca26a2013052fe3f2c9e991

COCOAPODS: 1.10.1
